{
  "name": "manhwa-monorepo",
  "version": "1.0.0",
  "lockfileVersion": 3,
  "requires": true,
  "packages": {
    "": {
      "name": "manhwa-monorepo",
      "version": "1.0.0",
      "dependencies": {
        "@dietrichgebert/ponytail": "^4.9.0"
      },
      "devDependencies": {
        "prettier": "^3.9.6"
      }
    },
    "node_modules/.pnpm/@dietrichgebert+ponytail@4.9.0/node_modules/@dietrichgebert/ponytail": {
      "version": "4.9.0",
      "license": "MIT"
    },
    "node_modules/@dietrichgebert/ponytail": {
      "resolved": "node_modules/.pnpm/@dietrichgebert+ponytail@4.9.0/node_modules/@dietrichgebert/ponytail",
      "link": true
    },
    "node_modules/prettier": {
      "version": "3.9.6",
      "resolved": "https://registry.npmjs.org/prettier/-/prettier-3.9.6.tgz",
      "integrity": "sha512-OpN0zzVdiaiAhxpuuj5efpIS4sY9j7bY6uR5mnj5yPzGkdkjNKSJeUThPb60Jw29QuAZgA4o+/iB49kFiaBX6g==",
      "dev": true,
      "license": "MIT",
      "bin": {
        "prettier": "bin/prettier.cjs"
      },
      "engines": {
        "node": ">=14"
      },
      "funding": {
        "url": "https://github.com/prettier/prettier?sponsor=1"
      }
    }
  }
}
